<?xml version="1.0" encoding="utf-8"?>
<Project ToolsVersion="4.0" xmlns="http://schemas.microsoft.com/developer/msbuild/2003">
  <ItemGroup>
    <Filter Include="源文件">
      <UniqueIdentifier>{4FC737F1-C7A5-4376-A066-2A32D752A2FF}</UniqueIdentifier>
      <Extensions>cpp;c;cc;cxx;def;odl;idl;hpj;bat;asm;asmx</Extensions>
    </Filter>
    <Filter Include="头文件">
      <UniqueIdentifier>{93995380-89BD-4b04-88EB-625FBE52EBFB}</UniqueIdentifier>
      <Extensions>h;hh;hpp;hxx;hm;inl;inc;xsd</Extensions>
    </Filter>
    <Filter Include="资源文件">
      <UniqueIdentifier>{67DA6AB6-F800-4c08-8B7A-83BB121AAD01}</UniqueIdentifier>
      <Extensions>rc;ico;cur;bmp;dlg;rc2;rct;bin;rgs;gif;jpg;jpeg;jpe;resx;tiff;tif;png;wav;mfcribbon-ms</Extensions>
    </Filter>
    <Filter Include="com">
      <UniqueIdentifier>{57952218-d557-4e7c-a792-c282f3b1715d}</UniqueIdentifier>
    </Filter>
  </ItemGroup>
  <ItemGroup>
    <Text Include="ReadMe.txt" />
  </ItemGroup>
  <ItemGroup>
    <ClInclude Include="Comm.h">
      <Filter>头文件</Filter>
    </ClInclude>
    <ClInclude Include="CommDlg.h">
      <Filter>头文件</Filter>
    </ClInclude>
    <ClInclude Include="stdafx.h">
      <Filter>头文件</Filter>
    </ClInclude>
    <ClInclude Include="targetver.h">
      <Filter>头文件</Filter>
    </ClInclude>
    <ClInclude Include="Resource.h">
      <Filter>头文件</Filter>
    </ClInclude>
    <ClInclude Include="..\..\..\include\SerialPort.h">
      <Filter>com</Filter>
    </ClInclude>
    <ClInclude Include="..\..\..\include\SerialPortBase.h">
      <Filter>com</Filter>
    </ClInclude>
    <ClInclude Include="..\..\..\include\SerialPortInfo.h">
      <Filter>com</Filter>
    </ClInclude>
    <ClInclude Include="..\..\..\include\SerialPortInfoBase.h">
      <Filter>com</Filter>
    </ClInclude>
    <ClInclude Include="..\..\..\include\SerialPortInfoWinBase.h">
      <Filter>com</Filter>
    </ClInclude>
    <ClInclude Include="..\..\..\include\SerialPortWinBase.h">
      <Filter>com</Filter>
    </ClInclude>
    <ClInclude Include="..\..\..\include\sigslot.h">
      <Filter>com</Filter>
    </ClInclude>
  </ItemGroup>
  <ItemGroup>
    <ClCompile Include="Comm.cpp">
      <Filter>源文件</Filter>
    </ClCompile>
    <ClCompile Include="CommDlg.cpp">
      <Filter>源文件</Filter>
    </ClCompile>
    <ClCompile Include="stdafx.cpp">
      <Filter>源文件</Filter>
    </ClCompile>
    <ClCompile Include="..\..\..\src\SerialPort.cpp">
      <Filter>com</Filter>
    </ClCompile>
    <ClCompile Include="..\..\..\src\SerialPortBase.cpp">
      <Filter>com</Filter>
    </ClCompile>
    <ClCompile Include="..\..\..\src\SerialPortInfo.cpp">
      <Filter>com</Filter>
    </ClCompile>
    <ClCompile Include="..\..\..\src\SerialPortInfoBase.cpp">
      <Filter>com</Filter>
    </ClCompile>
    <ClCompile Include="..\..\..\src\SerialPortInfoWinBase.cpp">
      <Filter>com</Filter>
    </ClCompile>
    <ClCompile Include="..\..\..\src\SerialPortWinBase.cpp">
      <Filter>com</Filter>
    </ClCompile>
  </ItemGroup>
  <ItemGroup>
    <ResourceCompile Include="Comm.rc">
      <Filter>资源文件</Filter>
    </ResourceCompile>
  </ItemGroup>
  <ItemGroup>
    <None Include="res\Comm.rc2">
      <Filter>资源文件</Filter>
    </None>
  </ItemGroup>
  <ItemGroup>
    <Image Include="res\Comm.ico">
      <Filter>资源文件</Filter>
    </Image>
  </ItemGroup>
</Project>